
Microsoft Visual Studio Solution File, Format Version 12.00
# Visual Studio Version 17
VisualStudioVersion = 17.11.35208.52
MinimumVisualStudioVersion = 10.0.40219.1
Project("{8BC9CEB8-8B4A-11D0-8D11-00A0C91BC942}") = "LanguageLearningFramework", "LanguageLearningFramework.vcxproj", "{4E1C9FC5-F91B-4DA1-AA0F-79A26CFDD090}"
EndProject
Project("{2150E333-8FDC-42A3-9474-1A3956D46DE8}") = "Solution Items", "Solution Items", "{F40459FF-FDFB-45FD-AB96-B6364CF11510}"
	ProjectSection(SolutionItems) = preProject
		LessonScraper.js = LessonScraper.js
		memory.txt = memory.txt
		listArray.json = listArray.json
		..\..\..\Downloads\SwissGermanLinks.txt = ..\..\..\Downloads\SwissGermanLinks.txt
		..\..\..\Downloads\TESTSwiss German.html = ..\..\..\Downloads\TESTSwiss German.html
	EndProjectSection
EndProject
Global
	GlobalSection(SolutionConfigurationPlatforms) = preSolution
		Debug|x64 = Debug|x64
		Debug|x86 = Debug|x86
		Release|x64 = Release|x64
		Release|x86 = Release|x86
	EndGlobalSection
	GlobalSection(ProjectConfigurationPlatforms) = postSolution
		{4E1C9FC5-F91B-4DA1-AA0F-79A26CFDD090}.Debug|x64.ActiveCfg = Debug|x64
		{4E1C9FC5-F91B-4DA1-AA0F-79A26CFDD090}.Debug|x64.Build.0 = Debug|x64
		{4E1C9FC5-F91B-4DA1-AA0F-79A26CFDD090}.Debug|x86.ActiveCfg = Debug|Win32
		{4E1C9FC5-F91B-4DA1-AA0F-79A26CFDD090}.Debug|x86.Build.0 = Debug|Win32
		{4E1C9FC5-F91B-4DA1-AA0F-79A26CFDD090}.Release|x64.ActiveCfg = Release|x64
		{4E1C9FC5-F91B-4DA1-AA0F-79A26CFDD090}.Release|x64.Build.0 = Release|x64
		{4E1C9FC5-F91B-4DA1-AA0F-79A26CFDD090}.Release|x86.ActiveCfg = Release|Win32
		{4E1C9FC5-F91B-4DA1-AA0F-79A26CFDD090}.Release|x86.Build.0 = Release|Win32
	EndGlobalSection
	GlobalSection(SolutionProperties) = preSolution
		HideSolutionNode = FALSE
	EndGlobalSection
	GlobalSection(ExtensibilityGlobals) = postSolution
		SolutionGuid = {90B99F8D-F73E-41B0-AD38-3669F5D8F2BD}
	EndGlobalSection
EndGlobal
